// !$*UTF8*$!
{
	archiveVersion = 1;
	classes = {
	};
	objectVersion = 46;
	objects = {

/* Begin PBXFileReference section */
		3A7E9BF71C6021CA00256979 /* Numbers.playground */ = {isa = PBXFileReference; lastKnownFileType = file.playground; path = Numbers.playground; sourceTree = "<group>"; };
		3A7FCBD81C5FEFCD00FD4F34 /* Conditionals.playground */ = {isa = PBXFileReference; lastKnownFileType = file.playground; path = Conditionals.playground; sourceTree = "<group>"; };
		3A7FCBD91C5FEFCD00FD4F34 /* MyPlayground.playground */ = {isa = PBXFileReference; lastKnownFileType = file.playground; path = MyPlayground.playground; sourceTree = "<group>"; };
		3A7FCBDA1C5FEFCD00FD4F34 /* PlaygroundChallange.playground */ = {isa = PBXFileReference; lastKnownFileType = file.playground; path = PlaygroundChallange.playground; sourceTree = "<group>"; };
		3A7FCBDB1C5FEFCD00FD4F34 /* Variables.playground */ = {isa = PBXFileReference; lastKnownFileType = file.playground; path = Variables.playground; sourceTree = "<group>"; };
/* End PBXFileReference section */

/* Begin PBXGroup section */
		3A7FCBD11C5FEF8000FD4F34 = {
			isa = PBXGroup;
			children = (
				3A7E9BF71C6021CA00256979 /* Numbers.playground */,
				3A7FCBD81C5FEFCD00FD4F34 /* Conditionals.playground */,
				3A7FCBD91C5FEFCD00FD4F34 /* MyPlayground.playground */,
				3A7FCBDA1C5FEFCD00FD4F34 /* PlaygroundChallange.playground */,
				3A7FCBDB1C5FEFCD00FD4F34 /* Variables.playground */,
			);
			sourceTree = "<group>";
		};
/* End PBXGroup section */

/* Begin PBXProject section */
		3A7FCBD21C5FEF8000FD4F34 /* Project object */ = {
			isa = PBXProject;
			attributes = {
				LastUpgradeCheck = 0720;
			};
			buildConfigurationList = 3A7FCBD51C5FEF8000FD4F34 /* Build configuration list for PBXProject "SwiftTutorialPlaygrounds" */;
			compatibilityVersion = "Xcode 3.2";
			developmentRegion = English;
			hasScannedForEncodings = 0;
			knownRegions = (
				en,
			);
			mainGroup = 3A7FCBD11C5FEF8000FD4F34;
			projectDirPath = "";
			projectRoot = "";
			targets = (
			);
		};
/* End PBXProject section */

/* Begin XCBuildConfiguration section */
		3A7FCBD61C5FEF8000FD4F34 /* Debug */ = {
			isa = XCBuildConfiguration;
			buildSettings = {
			};
			name = Debug;
		};
		3A7FCBD71C5FEF8000FD4F34 /* Release */ = {
			isa = XCBuildConfiguration;
			buildSettings = {
			};
			name = Release;
		};
/* End XCBuildConfiguration section */

/* Begin XCConfigurationList section */
		3A7FCBD51C5FEF8000FD4F34 /* Build configuration list for PBXProject "SwiftTutorialPlaygrounds" */ = {
			isa = XCConfigurationList;
			buildConfigurations = (
				3A7FCBD61C5FEF8000FD4F34 /* Debug */,
				3A7FCBD71C5FEF8000FD4F34 /* Release */,
			);
			defaultConfigurationIsVisible = 0;
			defaultConfigurationName = Release;
		};
/* End XCConfigurationList section */
	};
	rootObject = 3A7FCBD21C5FEF8000FD4F34 /* Project object */;
}
