// !$*UTF8*$!
{
	archiveVersion = 1;
	classes = {
	};
	objectVersion = 46;
	objects = {

/* Begin PBXGroup section */
		3A7FCBD11C5FEF8000FD4F34 = {
			isa = PBXGroup;
			children = (
			);
			sourceTree = "<group>";
		};
/* End PBXGroup section */

/* Begin PBXProject section */
		3A7FCBD21C5FEF8000FD4F34 /* Project object */ = {
			isa = PBXProject;
			attributes = {
				LastUpgradeCheck = 0720;
			};
			buildConfigurationList = 3A7FCBD51C5FEF8000FD4F34 /* Build configuration list for PBXProject "SwiftTutorialPlaygrounds" */;
			compatibilityVersion = "Xcode 3.2";
			developmentRegion = English;
			hasScannedForEncodings = 0;
			knownRegions = (
				en,
			);
			mainGroup = 3A7FCBD11C5FEF8000FD4F34;
			projectDirPath = "";
			projectRoot = "";
			targets = (
			);
		};
/* End PBXProject section */

/* Begin XCBuildConfiguration section */
		3A7FCBD61C5FEF8000FD4F34 /* Debug */ = {
			isa = XCBuildConfiguration;
			buildSettings = {
			};
			name = Debug;
		};
		3A7FCBD71C5FEF8000FD4F34 /* Release */ = {
			isa = XCBuildConfiguration;
			buildSettings = {
			};
			name = Release;
		};
/* End XCBuildConfiguration section */

/* Begin XCConfigurationList section */
		3A7FCBD51C5FEF8000FD4F34 /* Build configuration list for PBXProject "SwiftTutorialPlaygrounds" */ = {
			isa = XCConfigurationList;
			buildConfigurations = (
				3A7FCBD61C5FEF8000FD4F34 /* Debug */,
				3A7FCBD71C5FEF8000FD4F34 /* Release */,
			);
			defaultConfigurationIsVisible = 0;
			defaultConfigurationName = Release;
		};
/* End XCConfigurationList section */
	};
	rootObject = 3A7FCBD21C5FEF8000FD4F34 /* Project object */;
}
